// !$*UTF8*$!
{
	archiveVersion = 1;
	classes = {
	};
	objectVersion = 46;
	objects = {

/* Begin PBXBuildFile section */
		1B580DF71B5F811E002E729B /* AboutNiec.swift in Sources */ = {isa = PBXBuildFile; fileRef = 1B580DF61B5F811E002E729B /* AboutNiec.swift */; };
		1B580DFA1B5F9BDA002E729B /* Profile.swift in Sources */ = {isa = PBXBuildFile; fileRef = 1B580DF91B5F9BDA002E729B /* Profile.swift */; };
		1B580DFC1B5F9C11002E729B /* CollectionViewCell.swift in Sources */ = {isa = PBXBuildFile; fileRef = 1B580DFB1B5F9C11002E729B /* CollectionViewCell.swift */; };
		1B6223B31B62479D00902748 /* SocialTableViewController.swift in Sources */ = {isa = PBXBuildFile; fileRef = 1B6223B21B62479D00902748 /* SocialTableViewController.swift */; };
		1B6223B51B6247BD00902748 /* SocialTableViewCell.swift in Sources */ = {isa = PBXBuildFile; fileRef = 1B6223B41B6247BD00902748 /* SocialTableViewCell.swift */; };
		1B645A701B618BFE00944805 /* EmailUs.swift in Sources */ = {isa = PBXBuildFile; fileRef = 1B645A6F1B618BFE00944805 /* EmailUs.swift */; };
		1B645A721B61932B00944805 /* MessageUI.framework in Frameworks */ = {isa = PBXBuildFile; fileRef = 1B645A711B61932B00944805 /* MessageUI.framework */; };
		1B693A7F1B6132F0007BD260 /* ContactUs.swift in Sources */ = {isa = PBXBuildFile; fileRef = 1B693A7E1B6132F0007BD260 /* ContactUs.swift */; };
		1B693A811B613309007BD260 /* MapKit.framework in Frameworks */ = {isa = PBXBuildFile; fileRef = 1B693A801B613309007BD260 /* MapKit.framework */; };
		1B748C9F1B5E217600C2DD3B /* AppDelegate.swift in Sources */ = {isa = PBXBuildFile; fileRef = 1B748C9E1B5E217600C2DD3B /* AppDelegate.swift */; };
		1B748CA11B5E217600C2DD3B /* FirstViewController.swift in Sources */ = {isa = PBXBuildFile; fileRef = 1B748CA01B5E217600C2DD3B /* FirstViewController.swift */; };
		1B748CA61B5E217600C2DD3B /* Main.storyboard in Resources */ = {isa = PBXBuildFile; fileRef = 1B748CA41B5E217600C2DD3B /* Main.storyboard */; };
		1B748CA81B5E217700C2DD3B /* Assets.xcassets in Resources */ = {isa = PBXBuildFile; fileRef = 1B748CA71B5E217700C2DD3B /* Assets.xcassets */; };
		1B748CAB1B5E217700C2DD3B /* LaunchScreen.storyboard in Resources */ = {isa = PBXBuildFile; fileRef = 1B748CA91B5E217700C2DD3B /* LaunchScreen.storyboard */; };
		1B748CB61B5E217700C2DD3B /* NIECTests.swift in Sources */ = {isa = PBXBuildFile; fileRef = 1B748CB51B5E217700C2DD3B /* NIECTests.swift */; };
		1B748CC11B5E217700C2DD3B /* NIECUITests.swift in Sources */ = {isa = PBXBuildFile; fileRef = 1B748CC01B5E217700C2DD3B /* NIECUITests.swift */; };
		1B748CD01B5E628400C2DD3B /* ResourcesTableView.swift in Sources */ = {isa = PBXBuildFile; fileRef = 1B748CCF1B5E628400C2DD3B /* ResourcesTableView.swift */; };
		1B748CD21B5E62D200C2DD3B /* ResourcesTableViewCell.swift in Sources */ = {isa = PBXBuildFile; fileRef = 1B748CD11B5E62D200C2DD3B /* ResourcesTableViewCell.swift */; };
		1B80E8FA1B5ECF1600DC5FF5 /* ResourcesDetails.swift in Sources */ = {isa = PBXBuildFile; fileRef = 1B80E8F91B5ECF1600DC5FF5 /* ResourcesDetails.swift */; };
		1BB333D41B629A5A00BF8EB7 /* SocialDetailsViewController.swift in Sources */ = {isa = PBXBuildFile; fileRef = 1BB333D31B629A5A00BF8EB7 /* SocialDetailsViewController.swift */; };
		1BB333DF1B62E52800BF8EB7 /* BBDTableViewController.swift in Sources */ = {isa = PBXBuildFile; fileRef = 1BB333DE1B62E52800BF8EB7 /* BBDTableViewController.swift */; };
		1BB333E11B62E54000BF8EB7 /* BBDTableViewCell.swift in Sources */ = {isa = PBXBuildFile; fileRef = 1BB333E01B62E54000BF8EB7 /* BBDTableViewCell.swift */; };
		1BB333E31B62E56000BF8EB7 /* BBDViewController.swift in Sources */ = {isa = PBXBuildFile; fileRef = 1BB333E21B62E56000BF8EB7 /* BBDViewController.swift */; };
		1BB333EF1B63004A00BF8EB7 /* bbd.html in Resources */ = {isa = PBXBuildFile; fileRef = 1BB333EC1B63004A00BF8EB7 /* bbd.html */; };
		1BB333F01B63004A00BF8EB7 /* alkadas.html in Resources */ = {isa = PBXBuildFile; fileRef = 1BB333ED1B63004A00BF8EB7 /* alkadas.html */; };
		1BB333F11B63004A00BF8EB7 /* akhilesh.html in Resources */ = {isa = PBXBuildFile; fileRef = 1BB333EE1B63004A00BF8EB7 /* akhilesh.html */; };
		1BCB5A911B65664C00A28DCB /* TPOTableViewController.swift in Sources */ = {isa = PBXBuildFile; fileRef = 1BCB5A901B65664C00A28DCB /* TPOTableViewController.swift */; };
		1BCB5A931B65666200A28DCB /* TPOTableViewCell.swift in Sources */ = {isa = PBXBuildFile; fileRef = 1BCB5A921B65666200A28DCB /* TPOTableViewCell.swift */; };
		1BCB5A951B65843500A28DCB /* TPOMailViewController.swift in Sources */ = {isa = PBXBuildFile; fileRef = 1BCB5A941B65843500A28DCB /* TPOMailViewController.swift */; };
		1BEE42211B6010EF00CCF70B /* ProfileDetails.swift in Sources */ = {isa = PBXBuildFile; fileRef = 1BEE42201B6010EF00CCF70B /* ProfileDetails.swift */; };
		1BEE42231B601D0300CCF70B /* Social.framework in Frameworks */ = {isa = PBXBuildFile; fileRef = 1BEE42221B601D0300CCF70B /* Social.framework */; };
		1BEE42261B60372500CCF70B /* AboutUs.swift in Sources */ = {isa = PBXBuildFile; fileRef = 1BEE42251B60372500CCF70B /* AboutUs.swift */; };
		FA7576611B8CF4140005F03F /* LatestEventTableViewController.swift in Sources */ = {isa = PBXBuildFile; fileRef = FA7576601B8CF4140005F03F /* LatestEventTableViewController.swift */; };
		FA7576631B8CF43D0005F03F /* LatestEventTableViewCell.swift in Sources */ = {isa = PBXBuildFile; fileRef = FA7576621B8CF43D0005F03F /* LatestEventTableViewCell.swift */; };
		FA7576651B8CF7470005F03F /* ApiDataModel.swift in Sources */ = {isa = PBXBuildFile; fileRef = FA7576641B8CF7470005F03F /* ApiDataModel.swift */; };
		FA8E09BA1B8E45220089A4DA /* News.swift in Sources */ = {isa = PBXBuildFile; fileRef = FA8E09B91B8E45220089A4DA /* News.swift */; };
		FA8E09BC1B8E45460089A4DA /* NewsCell.swift in Sources */ = {isa = PBXBuildFile; fileRef = FA8E09BB1B8E45460089A4DA /* NewsCell.swift */; };
		FA8E09BE1B8E45630089A4DA /* NewsDetails.swift in Sources */ = {isa = PBXBuildFile; fileRef = FA8E09BD1B8E45630089A4DA /* NewsDetails.swift */; };
		FA8E09C01B8E477B0089A4DA /* NewsModel.swift in Sources */ = {isa = PBXBuildFile; fileRef = FA8E09BF1B8E477B0089A4DA /* NewsModel.swift */; };
		FAD8197C1B862519004C32A6 /* babu.html in Resources */ = {isa = PBXBuildFile; fileRef = FAD8197B1B862519004C32A6 /* babu.html */; };
		FAE227931B8D062C00CE2FA9 /* NoticeDetailsViewController.swift in Sources */ = {isa = PBXBuildFile; fileRef = FAE227921B8D062C00CE2FA9 /* NoticeDetailsViewController.swift */; };
/* End PBXBuildFile section */

/* Begin PBXContainerItemProxy section */
		1B748CB21B5E217700C2DD3B /* PBXContainerItemProxy */ = {
			isa = PBXContainerItemProxy;
			containerPortal = 1B748C931B5E217600C2DD3B /* Project object */;
			proxyType = 1;
			remoteGlobalIDString = 1B748C9A1B5E217600C2DD3B;
			remoteInfo = NIEC;
		};
		1B748CBD1B5E217700C2DD3B /* PBXContainerItemProxy */ = {
			isa = PBXContainerItemProxy;
			containerPortal = 1B748C931B5E217600C2DD3B /* Project object */;
			proxyType = 1;
			remoteGlobalIDString = 1B748C9A1B5E217600C2DD3B;
			remoteInfo = NIEC;
		};
/* End PBXContainerItemProxy section */

/* Begin PBXFileReference section */
		1B580DF61B5F811E002E729B /* AboutNiec.swift */ = {isa = PBXFileReference; fileEncoding = 4; lastKnownFileType = sourcecode.swift; path = AboutNiec.swift; sourceTree = "<group>"; };
		1B580DF91B5F9BDA002E729B /* Profile.swift */ = {isa = PBXFileReference; fileEncoding = 4; lastKnownFileType = sourcecode.swift; path = Profile.swift; sourceTree = "<group>"; };
		1B580DFB1B5F9C11002E729B /* CollectionViewCell.swift */ = {isa = PBXFileReference; fileEncoding = 4; lastKnownFileType = sourcecode.swift; path = CollectionViewCell.swift; sourceTree = "<group>"; };
		1B6223B21B62479D00902748 /* SocialTableViewController.swift */ = {isa = PBXFileReference; fileEncoding = 4; lastKnownFileType = sourcecode.swift; path = SocialTableViewController.swift; sourceTree = "<group>"; };
		1B6223B41B6247BD00902748 /* SocialTableViewCell.swift */ = {isa = PBXFileReference; fileEncoding = 4; lastKnownFileType = sourcecode.swift; path = SocialTableViewCell.swift; sourceTree = "<group>"; };
		1B645A6F1B618BFE00944805 /* EmailUs.swift */ = {isa = PBXFileReference; fileEncoding = 4; lastKnownFileType = sourcecode.swift; path = EmailUs.swift; sourceTree = "<group>"; };
		1B645A711B61932B00944805 /* MessageUI.framework */ = {isa = PBXFileReference; lastKnownFileType = wrapper.framework; name = MessageUI.framework; path = System/Library/Frameworks/MessageUI.framework; sourceTree = SDKROOT; };
		1B693A7E1B6132F0007BD260 /* ContactUs.swift */ = {isa = PBXFileReference; fileEncoding = 4; lastKnownFileType = sourcecode.swift; path = ContactUs.swift; sourceTree = "<group>"; };
		1B693A801B613309007BD260 /* MapKit.framework */ = {isa = PBXFileReference; lastKnownFileType = wrapper.framework; name = MapKit.framework; path = System/Library/Frameworks/MapKit.framework; sourceTree = SDKROOT; };
		1B748C9B1B5E217600C2DD3B /* NIEC.app */ = {isa = PBXFileReference; explicitFileType = wrapper.application; includeInIndex = 0; path = NIEC.app; sourceTree = BUILT_PRODUCTS_DIR; };
		1B748C9E1B5E217600C2DD3B /* AppDelegate.swift */ = {isa = PBXFileReference; lastKnownFileType = sourcecode.swift; path = AppDelegate.swift; sourceTree = "<group>"; };
		1B748CA01B5E217600C2DD3B /* FirstViewController.swift */ = {isa = PBXFileReference; lastKnownFileType = sourcecode.swift; path = FirstViewController.swift; sourceTree = "<group>"; };
		1B748CA51B5E217600C2DD3B /* Base */ = {isa = PBXFileReference; lastKnownFileType = file.storyboard; name = Base; path = Base.lproj/Main.storyboard; sourceTree = "<group>"; };
		1B748CA71B5E217700C2DD3B /* Assets.xcassets */ = {isa = PBXFileReference; lastKnownFileType = folder.assetcatalog; path = Assets.xcassets; sourceTree = "<group>"; };
		1B748CAA1B5E217700C2DD3B /* Base */ = {isa = PBXFileReference; lastKnownFileType = file.storyboard; name = Base; path = Base.lproj/LaunchScreen.storyboard; sourceTree = "<group>"; };
		1B748CAC1B5E217700C2DD3B /* Info.plist */ = {isa = PBXFileReference; lastKnownFileType = text.plist.xml; path = Info.plist; sourceTree = "<group>"; };
		1B748CB11B5E217700C2DD3B /* NIECTests.xctest */ = {isa = PBXFileReference; explicitFileType = wrapper.cfbundle; includeInIndex = 0; path = NIECTests.xctest; sourceTree = BUILT_PRODUCTS_DIR; };
		1B748CB51B5E217700C2DD3B /* NIECTests.swift */ = {isa = PBXFileReference; lastKnownFileType = sourcecode.swift; path = NIECTests.swift; sourceTree = "<group>"; };
		1B748CB71B5E217700C2DD3B /* Info.plist */ = {isa = PBXFileReference; lastKnownFileType = text.plist.xml; path = Info.plist; sourceTree = "<group>"; };
		1B748CBC1B5E217700C2DD3B /* NIECUITests.xctest */ = {isa = PBXFileReference; explicitFileType = wrapper.cfbundle; includeInIndex = 0; path = NIECUITests.xctest; sourceTree = BUILT_PRODUCTS_DIR; };
		1B748CC01B5E217700C2DD3B /* NIECUITests.swift */ = {isa = PBXFileReference; lastKnownFileType = sourcecode.swift; path = NIECUITests.swift; sourceTree = "<group>"; };
		1B748CC21B5E217700C2DD3B /* Info.plist */ = {isa = PBXFileReference; lastKnownFileType = text.plist.xml; path = Info.plist; sourceTree = "<group>"; };
		1B748CCF1B5E628400C2DD3B /* ResourcesTableView.swift */ = {isa = PBXFileReference; fileEncoding = 4; lastKnownFileType = sourcecode.swift; path = ResourcesTableView.swift; sourceTree = "<group>"; };
		1B748CD11B5E62D200C2DD3B /* ResourcesTableViewCell.swift */ = {isa = PBXFileReference; fileEncoding = 4; lastKnownFileType = sourcecode.swift; path = ResourcesTableViewCell.swift; sourceTree = "<group>"; };
		1B80E8F91B5ECF1600DC5FF5 /* ResourcesDetails.swift */ = {isa = PBXFileReference; fileEncoding = 4; lastKnownFileType = sourcecode.swift; path = ResourcesDetails.swift; sourceTree = "<group>"; };
		1BB333D31B629A5A00BF8EB7 /* SocialDetailsViewController.swift */ = {isa = PBXFileReference; fileEncoding = 4; lastKnownFileType = sourcecode.swift; path = SocialDetailsViewController.swift; sourceTree = "<group>"; };
		1BB333DE1B62E52800BF8EB7 /* BBDTableViewController.swift */ = {isa = PBXFileReference; fileEncoding = 4; lastKnownFileType = sourcecode.swift; path = BBDTableViewController.swift; sourceTree = "<group>"; };
		1BB333E01B62E54000BF8EB7 /* BBDTableViewCell.swift */ = {isa = PBXFileReference; fileEncoding = 4; lastKnownFileType = sourcecode.swift; path = BBDTableViewCell.swift; sourceTree = "<group>"; };
		1BB333E21B62E56000BF8EB7 /* BBDViewController.swift */ = {isa = PBXFileReference; fileEncoding = 4; lastKnownFileType = sourcecode.swift; path = BBDViewController.swift; sourceTree = "<group>"; };
		1BB333EC1B63004A00BF8EB7 /* bbd.html */ = {isa = PBXFileReference; fileEncoding = 4; lastKnownFileType = text.html; path = bbd.html; sourceTree = "<group>"; };
		1BB333ED1B63004A00BF8EB7 /* alkadas.html */ = {isa = PBXFileReference; fileEncoding = 4; lastKnownFileType = text.html; path = alkadas.html; sourceTree = "<group>"; usesTabs = 0; };
		1BB333EE1B63004A00BF8EB7 /* akhilesh.html */ = {isa = PBXFileReference; fileEncoding = 4; lastKnownFileType = text.html; path = akhilesh.html; sourceTree = "<group>"; };
		1BCB5A901B65664C00A28DCB /* TPOTableViewController.swift */ = {isa = PBXFileReference; fileEncoding = 4; lastKnownFileType = sourcecode.swift; path = TPOTableViewController.swift; sourceTree = "<group>"; };
		1BCB5A921B65666200A28DCB /* TPOTableViewCell.swift */ = {isa = PBXFileReference; fileEncoding = 4; lastKnownFileType = sourcecode.swift; path = TPOTableViewCell.swift; sourceTree = "<group>"; };
		1BCB5A941B65843500A28DCB /* TPOMailViewController.swift */ = {isa = PBXFileReference; fileEncoding = 4; lastKnownFileType = sourcecode.swift; path = TPOMailViewController.swift; sourceTree = "<group>"; };
		1BEE42201B6010EF00CCF70B /* ProfileDetails.swift */ = {isa = PBXFileReference; fileEncoding = 4; lastKnownFileType = sourcecode.swift; path = ProfileDetails.swift; sourceTree = "<group>"; };
		1BEE42221B601D0300CCF70B /* Social.framework */ = {isa = PBXFileReference; lastKnownFileType = wrapper.framework; name = Social.framework; path = System/Library/Frameworks/Social.framework; sourceTree = SDKROOT; };
		1BEE42251B60372500CCF70B /* AboutUs.swift */ = {isa = PBXFileReference; fileEncoding = 4; lastKnownFileType = sourcecode.swift; path = AboutUs.swift; sourceTree = "<group>"; };
		FA7576601B8CF4140005F03F /* LatestEventTableViewController.swift */ = {isa = PBXFileReference; fileEncoding = 4; lastKnownFileType = sourcecode.swift; path = LatestEventTableViewController.swift; sourceTree = "<group>"; };
		FA7576621B8CF43D0005F03F /* LatestEventTableViewCell.swift */ = {isa = PBXFileReference; fileEncoding = 4; lastKnownFileType = sourcecode.swift; path = LatestEventTableViewCell.swift; sourceTree = "<group>"; };
		FA7576641B8CF7470005F03F /* ApiDataModel.swift */ = {isa = PBXFileReference; fileEncoding = 4; lastKnownFileType = sourcecode.swift; path = ApiDataModel.swift; sourceTree = "<group>"; };
		FA8E09B91B8E45220089A4DA /* News.swift */ = {isa = PBXFileReference; fileEncoding = 4; lastKnownFileType = sourcecode.swift; path = News.swift; sourceTree = "<group>"; };
		FA8E09BB1B8E45460089A4DA /* NewsCell.swift */ = {isa = PBXFileReference; fileEncoding = 4; lastKnownFileType = sourcecode.swift; path = NewsCell.swift; sourceTree = "<group>"; };
		FA8E09BD1B8E45630089A4DA /* NewsDetails.swift */ = {isa = PBXFileReference; fileEncoding = 4; lastKnownFileType = sourcecode.swift; path = NewsDetails.swift; sourceTree = "<group>"; };
		FA8E09BF1B8E477B0089A4DA /* NewsModel.swift */ = {isa = PBXFileReference; fileEncoding = 4; lastKnownFileType = sourcecode.swift; path = NewsModel.swift; sourceTree = "<group>"; };
		FAD8197B1B862519004C32A6 /* babu.html */ = {isa = PBXFileReference; fileEncoding = 4; lastKnownFileType = text.html; path = babu.html; sourceTree = "<group>"; };
		FAE227921B8D062C00CE2FA9 /* NoticeDetailsViewController.swift */ = {isa = PBXFileReference; fileEncoding = 4; lastKnownFileType = sourcecode.swift; path = NoticeDetailsViewController.swift; sourceTree = "<group>"; };
/* End PBXFileReference section */

/* Begin PBXFrameworksBuildPhase section */
		1B748C981B5E217600C2DD3B /* Frameworks */ = {
			isa = PBXFrameworksBuildPhase;
			buildActionMask = 2147483647;
			files = (
				1B645A721B61932B00944805 /* MessageUI.framework in Frameworks */,
				1B693A811B613309007BD260 /* MapKit.framework in Frameworks */,
				1BEE42231B601D0300CCF70B /* Social.framework in Frameworks */,
			);
			runOnlyForDeploymentPostprocessing = 0;
		};
		1B748CAE1B5E217700C2DD3B /* Frameworks */ = {
			isa = PBXFrameworksBuildPhase;
			buildActionMask = 2147483647;
			files = (
			);
			runOnlyForDeploymentPostprocessing = 0;
		};
		1B748CB91B5E217700C2DD3B /* Frameworks */ = {
			isa = PBXFrameworksBuildPhase;
			buildActionMask = 2147483647;
			files = (
			);
			runOnlyForDeploymentPostprocessing = 0;
		};
/* End PBXFrameworksBuildPhase section */

/* Begin PBXGroup section */
		1B580DF51B5F7D91002E729B /* AboutNIEC */ = {
			isa = PBXGroup;
			children = (
				1B580DF61B5F811E002E729B /* AboutNiec.swift */,
			);
			name = AboutNIEC;
			sourceTree = "<group>";
		};
		1B580DF81B5F99C8002E729B /* Profile */ = {
			isa = PBXGroup;
			children = (
				1B580DF91B5F9BDA002E729B /* Profile.swift */,
				1B580DFB1B5F9C11002E729B /* CollectionViewCell.swift */,
				1BEE42201B6010EF00CCF70B /* ProfileDetails.swift */,
			);
			name = Profile;
			sourceTree = "<group>";
		};
		1B6223B11B62473D00902748 /* Social */ = {
			isa = PBXGroup;
			children = (
				1B6223B21B62479D00902748 /* SocialTableViewController.swift */,
				1B6223B41B6247BD00902748 /* SocialTableViewCell.swift */,
				1BB333D31B629A5A00BF8EB7 /* SocialDetailsViewController.swift */,
			);
			name = Social;
			sourceTree = "<group>";
		};
		1B6223B61B625A5700902748 /* Utility */ = {
			isa = PBXGroup;
			children = (
				FAD8197B1B862519004C32A6 /* babu.html */,
				1BB333EC1B63004A00BF8EB7 /* bbd.html */,
				1BB333ED1B63004A00BF8EB7 /* alkadas.html */,
				1BB333EE1B63004A00BF8EB7 /* akhilesh.html */,
			);
			name = Utility;
			sourceTree = "<group>";
		};
		1B693A7D1B6132CF007BD260 /* ContactUs */ = {
			isa = PBXGroup;
			children = (
				1B693A7E1B6132F0007BD260 /* ContactUs.swift */,
				1B645A6F1B618BFE00944805 /* EmailUs.swift */,
			);
			name = ContactUs;
			sourceTree = "<group>";
		};
		1B748C921B5E217600C2DD3B = {
			isa = PBXGroup;
			children = (
				1B645A711B61932B00944805 /* MessageUI.framework */,
				1B693A801B613309007BD260 /* MapKit.framework */,
				1BEE42221B601D0300CCF70B /* Social.framework */,
				1B748C9D1B5E217600C2DD3B /* NIEC */,
				1B748CB41B5E217700C2DD3B /* NIECTests */,
				1B748CBF1B5E217700C2DD3B /* NIECUITests */,
				1B748C9C1B5E217600C2DD3B /* Products */,
			);
			sourceTree = "<group>";
		};
		1B748C9C1B5E217600C2DD3B /* Products */ = {
			isa = PBXGroup;
			children = (
				1B748C9B1B5E217600C2DD3B /* NIEC.app */,
				1B748CB11B5E217700C2DD3B /* NIECTests.xctest */,
				1B748CBC1B5E217700C2DD3B /* NIECUITests.xctest */,
			);
			name = Products;
			sourceTree = "<group>";
		};
		1B748C9D1B5E217600C2DD3B /* NIEC */ = {
			isa = PBXGroup;
			children = (
				FA8E09B81B8E44E90089A4DA /* News */,
				FA75765F1B8CF3C10005F03F /* LatestEvents */,
				1BCB5A8D1B655E9700A28DCB /* TPO */,
				1BB333DD1B62E4F800BF8EB7 /* BBDCampus */,
				1B6223B61B625A5700902748 /* Utility */,
				1B748C9E1B5E217600C2DD3B /* AppDelegate.swift */,
				1B748CA01B5E217600C2DD3B /* FirstViewController.swift */,
				1BEE42241B6036C900CCF70B /* AboutUs */,
				1B580DF81B5F99C8002E729B /* Profile */,
				1B580DF51B5F7D91002E729B /* AboutNIEC */,
				1B748CCE1B5E620400C2DD3B /* Resources */,
				1B693A7D1B6132CF007BD260 /* ContactUs */,
				1B6223B11B62473D00902748 /* Social */,
				1B748CA41B5E217600C2DD3B /* Main.storyboard */,
				1B748CA71B5E217700C2DD3B /* Assets.xcassets */,
				1B748CA91B5E217700C2DD3B /* LaunchScreen.storyboard */,
				1B748CAC1B5E217700C2DD3B /* Info.plist */,
			);
			path = NIEC;
			sourceTree = "<group>";
		};
		1B748CB41B5E217700C2DD3B /* NIECTests */ = {
			isa = PBXGroup;
			children = (
				1B748CB51B5E217700C2DD3B /* NIECTests.swift */,
				1B748CB71B5E217700C2DD3B /* Info.plist */,
			);
			path = NIECTests;
			sourceTree = "<group>";
		};
		1B748CBF1B5E217700C2DD3B /* NIECUITests */ = {
			isa = PBXGroup;
			children = (
				1B748CC01B5E217700C2DD3B /* NIECUITests.swift */,
				1B748CC21B5E217700C2DD3B /* Info.plist */,
			);
			path = NIECUITests;
			sourceTree = "<group>";
		};
		1B748CCE1B5E620400C2DD3B /* Resources */ = {
			isa = PBXGroup;
			children = (
				1B748CCF1B5E628400C2DD3B /* ResourcesTableView.swift */,
				1B748CD11B5E62D200C2DD3B /* ResourcesTableViewCell.swift */,
				1B80E8F91B5ECF1600DC5FF5 /* ResourcesDetails.swift */,
			);
			name = Resources;
			sourceTree = "<group>";
		};
		1BB333DD1B62E4F800BF8EB7 /* BBDCampus */ = {
			isa = PBXGroup;
			children = (
				1BB333DE1B62E52800BF8EB7 /* BBDTableViewController.swift */,
				1BB333E01B62E54000BF8EB7 /* BBDTableViewCell.swift */,
				1BB333E21B62E56000BF8EB7 /* BBDViewController.swift */,
			);
			name = BBDCampus;
			sourceTree = "<group>";
		};
		1BCB5A8D1B655E9700A28DCB /* TPO */ = {
			isa = PBXGroup;
			children = (
				1BCB5A901B65664C00A28DCB /* TPOTableViewController.swift */,
				1BCB5A921B65666200A28DCB /* TPOTableViewCell.swift */,
				1BCB5A941B65843500A28DCB /* TPOMailViewController.swift */,
			);
			name = TPO;
			sourceTree = "<group>";
		};
		1BEE42241B6036C900CCF70B /* AboutUs */ = {
			isa = PBXGroup;
			children = (
				1BEE42251B60372500CCF70B /* AboutUs.swift */,
			);
			name = AboutUs;
			sourceTree = "<group>";
		};
		FA75765F1B8CF3C10005F03F /* LatestEvents */ = {
			isa = PBXGroup;
			children = (
				FA7576641B8CF7470005F03F /* ApiDataModel.swift */,
				FA7576601B8CF4140005F03F /* LatestEventTableViewController.swift */,
				FA7576621B8CF43D0005F03F /* LatestEventTableViewCell.swift */,
				FAE227921B8D062C00CE2FA9 /* NoticeDetailsViewController.swift */,
			);
			name = LatestEvents;
			sourceTree = "<group>";
		};
		FA8E09B81B8E44E90089A4DA /* News */ = {
			isa = PBXGroup;
			children = (
				FA8E09BF1B8E477B0089A4DA /* NewsModel.swift */,
				FA8E09B91B8E45220089A4DA /* News.swift */,
				FA8E09BB1B8E45460089A4DA /* NewsCell.swift */,
				FA8E09BD1B8E45630089A4DA /* NewsDetails.swift */,
			);
			name = News;
			sourceTree = "<group>";
		};
/* End PBXGroup section */

/* Begin PBXNativeTarget section */
		1B748C9A1B5E217600C2DD3B /* NIEC */ = {
			isa = PBXNativeTarget;
			buildConfigurationList = 1B748CC51B5E217700C2DD3B /* Build configuration list for PBXNativeTarget "NIEC" */;
			buildPhases = (
				1B748C971B5E217600C2DD3B /* Sources */,
				1B748C981B5E217600C2DD3B /* Frameworks */,
				1B748C991B5E217600C2DD3B /* Resources */,
			);
			buildRules = (
			);
			dependencies = (
			);
			name = NIEC;
			productName = NIEC;
			productReference = 1B748C9B1B5E217600C2DD3B /* NIEC.app */;
			productType = "com.apple.product-type.application";
		};
		1B748CB01B5E217700C2DD3B /* NIECTests */ = {
			isa = PBXNativeTarget;
			buildConfigurationList = 1B748CC81B5E217700C2DD3B /* Build configuration list for PBXNativeTarget "NIECTests" */;
			buildPhases = (
				1B748CAD1B5E217700C2DD3B /* Sources */,
				1B748CAE1B5E217700C2DD3B /* Frameworks */,
				1B748CAF1B5E217700C2DD3B /* Resources */,
			);
			buildRules = (
			);
			dependencies = (
				1B748CB31B5E217700C2DD3B /* PBXTargetDependency */,
			);
			name = NIECTests;
			productName = NIECTests;
			productReference = 1B748CB11B5E217700C2DD3B /* NIECTests.xctest */;
			productType = "com.apple.product-type.bundle.unit-test";
		};
		1B748CBB1B5E217700C2DD3B /* NIECUITests */ = {
			isa = PBXNativeTarget;
			buildConfigurationList = 1B748CCB1B5E217700C2DD3B /* Build configuration list for PBXNativeTarget "NIECUITests" */;
			buildPhases = (
				1B748CB81B5E217700C2DD3B /* Sources */,
				1B748CB91B5E217700C2DD3B /* Frameworks */,
				1B748CBA1B5E217700C2DD3B /* Resources */,
			);
			buildRules = (
			);
			dependencies = (
				1B748CBE1B5E217700C2DD3B /* PBXTargetDependency */,
			);
			name = NIECUITests;
			productName = NIECUITests;
			productReference = 1B748CBC1B5E217700C2DD3B /* NIECUITests.xctest */;
			productType = "com.apple.product-type.bundle.ui-testing";
		};
/* End PBXNativeTarget section */

/* Begin PBXProject section */
		1B748C931B5E217600C2DD3B /* Project object */ = {
			isa = PBXProject;
			attributes = {
				LastUpgradeCheck = 0700;
				ORGANIZATIONNAME = "Ravi Ranjan";
				TargetAttributes = {
					1B748C9A1B5E217600C2DD3B = {
						CreatedOnToolsVersion = 7.0;
						DevelopmentTeam = 5WKGPLXT56;
					};
					1B748CB01B5E217700C2DD3B = {
						CreatedOnToolsVersion = 7.0;
						TestTargetID = 1B748C9A1B5E217600C2DD3B;
					};
					1B748CBB1B5E217700C2DD3B = {
						CreatedOnToolsVersion = 7.0;
						TestTargetID = 1B748C9A1B5E217600C2DD3B;
					};
				};
			};
			buildConfigurationList = 1B748C961B5E217600C2DD3B /* Build configuration list for PBXProject "NIEC" */;
			compatibilityVersion = "Xcode 3.2";
			developmentRegion = English;
			hasScannedForEncodings = 0;
			knownRegions = (
				en,
				Base,
			);
			mainGroup = 1B748C921B5E217600C2DD3B;
			productRefGroup = 1B748C9C1B5E217600C2DD3B /* Products */;
			projectDirPath = "";
			projectRoot = "";
			targets = (
				1B748C9A1B5E217600C2DD3B /* NIEC */,
				1B748CB01B5E217700C2DD3B /* NIECTests */,
				1B748CBB1B5E217700C2DD3B /* NIECUITests */,
			);
		};
/* End PBXProject section */

/* Begin PBXResourcesBuildPhase section */
		1B748C991B5E217600C2DD3B /* Resources */ = {
			isa = PBXResourcesBuildPhase;
			buildActionMask = 2147483647;
			files = (
				1B748CAB1B5E217700C2DD3B /* LaunchScreen.storyboard in Resources */,
				1BB333F11B63004A00BF8EB7 /* akhilesh.html in Resources */,
				1B748CA81B5E217700C2DD3B /* Assets.xcassets in Resources */,
				1B748CA61B5E217600C2DD3B /* Main.storyboard in Resources */,
				FAD8197C1B862519004C32A6 /* babu.html in Resources */,
				1BB333F01B63004A00BF8EB7 /* alkadas.html in Resources */,
				1BB333EF1B63004A00BF8EB7 /* bbd.html in Resources */,
			);
			runOnlyForDeploymentPostprocessing = 0;
		};
		1B748CAF1B5E217700C2DD3B /* Resources */ = {
			isa = PBXResourcesBuildPhase;
			buildActionMask = 2147483647;
			files = (
			);
			runOnlyForDeploymentPostprocessing = 0;
		};
		1B748CBA1B5E217700C2DD3B /* Resources */ = {
			isa = PBXResourcesBuildPhase;
			buildActionMask = 2147483647;
			files = (
			);
			runOnlyForDeploymentPostprocessing = 0;
		};
/* End PBXResourcesBuildPhase section */

/* Begin PBXSourcesBuildPhase section */
		1B748C971B5E217600C2DD3B /* Sources */ = {
			isa = PBXSourcesBuildPhase;
			buildActionMask = 2147483647;
			files = (
				1B580DFA1B5F9BDA002E729B /* Profile.swift in Sources */,
				FA8E09BC1B8E45460089A4DA /* NewsCell.swift in Sources */,
				1B645A701B618BFE00944805 /* EmailUs.swift in Sources */,
				1B693A7F1B6132F0007BD260 /* ContactUs.swift in Sources */,
				1BCB5A951B65843500A28DCB /* TPOMailViewController.swift in Sources */,
				1B6223B31B62479D00902748 /* SocialTableViewController.swift in Sources */,
				FA7576631B8CF43D0005F03F /* LatestEventTableViewCell.swift in Sources */,
				1BB333D41B629A5A00BF8EB7 /* SocialDetailsViewController.swift in Sources */,
				1BEE42211B6010EF00CCF70B /* ProfileDetails.swift in Sources */,
				1BEE42261B60372500CCF70B /* AboutUs.swift in Sources */,
				1BCB5A931B65666200A28DCB /* TPOTableViewCell.swift in Sources */,
				FA7576651B8CF7470005F03F /* ApiDataModel.swift in Sources */,
				1B6223B51B6247BD00902748 /* SocialTableViewCell.swift in Sources */,
				1B580DFC1B5F9C11002E729B /* CollectionViewCell.swift in Sources */,
				1B748CD21B5E62D200C2DD3B /* ResourcesTableViewCell.swift in Sources */,
				1BB333E11B62E54000BF8EB7 /* BBDTableViewCell.swift in Sources */,
				1BB333E31B62E56000BF8EB7 /* BBDViewController.swift in Sources */,
				1B748CD01B5E628400C2DD3B /* ResourcesTableView.swift in Sources */,
				FA7576611B8CF4140005F03F /* LatestEventTableViewController.swift in Sources */,
				FA8E09BE1B8E45630089A4DA /* NewsDetails.swift in Sources */,
				1BCB5A911B65664C00A28DCB /* TPOTableViewController.swift in Sources */,
				1BB333DF1B62E52800BF8EB7 /* BBDTableViewController.swift in Sources */,
				FA8E09C01B8E477B0089A4DA /* NewsModel.swift in Sources */,
				FAE227931B8D062C00CE2FA9 /* NoticeDetailsViewController.swift in Sources */,
				1B748C9F1B5E217600C2DD3B /* AppDelegate.swift in Sources */,
				1B580DF71B5F811E002E729B /* AboutNiec.swift in Sources */,
				1B80E8FA1B5ECF1600DC5FF5 /* ResourcesDetails.swift in Sources */,
				FA8E09BA1B8E45220089A4DA /* News.swift in Sources */,
				1B748CA11B5E217600C2DD3B /* FirstViewController.swift in Sources */,
			);
			runOnlyForDeploymentPostprocessing = 0;
		};
		1B748CAD1B5E217700C2DD3B /* Sources */ = {
			isa = PBXSourcesBuildPhase;
			buildActionMask = 2147483647;
			files = (
				1B748CB61B5E217700C2DD3B /* NIECTests.swift in Sources */,
			);
			runOnlyForDeploymentPostprocessing = 0;
		};
		1B748CB81B5E217700C2DD3B /* Sources */ = {
			isa = PBXSourcesBuildPhase;
			buildActionMask = 2147483647;
			files = (
				1B748CC11B5E217700C2DD3B /* NIECUITests.swift in Sources */,
			);
			runOnlyForDeploymentPostprocessing = 0;
		};
/* End PBXSourcesBuildPhase section */

/* Begin PBXTargetDependency section */
		1B748CB31B5E217700C2DD3B /* PBXTargetDependency */ = {
			isa = PBXTargetDependency;
			target = 1B748C9A1B5E217600C2DD3B /* NIEC */;
			targetProxy = 1B748CB21B5E217700C2DD3B /* PBXContainerItemProxy */;
		};
		1B748CBE1B5E217700C2DD3B /* PBXTargetDependency */ = {
			isa = PBXTargetDependency;
			target = 1B748C9A1B5E217600C2DD3B /* NIEC */;
			targetProxy = 1B748CBD1B5E217700C2DD3B /* PBXContainerItemProxy */;
		};
/* End PBXTargetDependency section */

/* Begin PBXVariantGroup section */
		1B748CA41B5E217600C2DD3B /* Main.storyboard */ = {
			isa = PBXVariantGroup;
			children = (
				1B748CA51B5E217600C2DD3B /* Base */,
			);
			name = Main.storyboard;
			sourceTree = "<group>";
		};
		1B748CA91B5E217700C2DD3B /* LaunchScreen.storyboard */ = {
			isa = PBXVariantGroup;
			children = (
				1B748CAA1B5E217700C2DD3B /* Base */,
			);
			name = LaunchScreen.storyboard;
			sourceTree = "<group>";
		};
/* End PBXVariantGroup section */

/* Begin XCBuildConfiguration section */
		1B748CC31B5E217700C2DD3B /* Debug */ = {
			isa = XCBuildConfiguration;
			buildSettings = {
				ALWAYS_SEARCH_USER_PATHS = NO;
				CLANG_CXX_LANGUAGE_STANDARD = "gnu++0x";
				CLANG_CXX_LIBRARY = "libc++";
				CLANG_ENABLE_MODULES = YES;
				CLANG_ENABLE_OBJC_ARC = YES;
				CLANG_WARN_BOOL_CONVERSION = YES;
				CLANG_WARN_CONSTANT_CONVERSION = YES;
				CLANG_WARN_DIRECT_OBJC_ISA_USAGE = YES_ERROR;
				CLANG_WARN_EMPTY_BODY = YES;
				CLANG_WARN_ENUM_CONVERSION = YES;
				CLANG_WARN_INT_CONVERSION = YES;
				CLANG_WARN_OBJC_ROOT_CLASS = YES_ERROR;
				CLANG_WARN_UNREACHABLE_CODE = YES;
				CLANG_WARN__DUPLICATE_METHOD_MATCH = YES;
				"CODE_SIGN_IDENTITY[sdk=iphoneos*]" = "iPhone Developer";
				COPY_PHASE_STRIP = NO;
				DEBUG_INFORMATION_FORMAT = dwarf;
				ENABLE_STRICT_OBJC_MSGSEND = YES;
				ENABLE_TESTABILITY = YES;
				GCC_C_LANGUAGE_STANDARD = gnu99;
				GCC_DYNAMIC_NO_PIC = NO;
				GCC_NO_COMMON_BLOCKS = YES;
				GCC_OPTIMIZATION_LEVEL = 0;
				GCC_PREPROCESSOR_DEFINITIONS = (
					"DEBUG=1",
					"$(inherited)",
				);
				GCC_WARN_64_TO_32_BIT_CONVERSION = YES;
				GCC_WARN_ABOUT_RETURN_TYPE = YES_ERROR;
				GCC_WARN_UNDECLARED_SELECTOR = YES;
				GCC_WARN_UNINITIALIZED_AUTOS = YES_AGGRESSIVE;
				GCC_WARN_UNUSED_FUNCTION = YES;
				GCC_WARN_UNUSED_VARIABLE = YES;
				IPHONEOS_DEPLOYMENT_TARGET = 9.0;
				MTL_ENABLE_DEBUG_INFO = YES;
				ONLY_ACTIVE_ARCH = YES;
				SDKROOT = iphoneos;
				SWIFT_OPTIMIZATION_LEVEL = "-Onone";
			};
			name = Debug;
		};
		1B748CC41B5E217700C2DD3B /* Release */ = {
			isa = XCBuildConfiguration;
			buildSettings = {
				ALWAYS_SEARCH_USER_PATHS = NO;
				CLANG_CXX_LANGUAGE_STANDARD = "gnu++0x";
				CLANG_CXX_LIBRARY = "libc++";
				CLANG_ENABLE_MODULES = YES;
				CLANG_ENABLE_OBJC_ARC = YES;
				CLANG_WARN_BOOL_CONVERSION = YES;
				CLANG_WARN_CONSTANT_CONVERSION = YES;
				CLANG_WARN_DIRECT_OBJC_ISA_USAGE = YES_ERROR;
				CLANG_WARN_EMPTY_BODY = YES;
				CLANG_WARN_ENUM_CONVERSION = YES;
				CLANG_WARN_INT_CONVERSION = YES;
				CLANG_WARN_OBJC_ROOT_CLASS = YES_ERROR;
				CLANG_WARN_UNREACHABLE_CODE = YES;
				CLANG_WARN__DUPLICATE_METHOD_MATCH = YES;
				"CODE_SIGN_IDENTITY[sdk=iphoneos*]" = "iPhone Developer";
				COPY_PHASE_STRIP = NO;
				DEBUG_INFORMATION_FORMAT = "dwarf-with-dsym";
				ENABLE_NS_ASSERTIONS = NO;
				ENABLE_STRICT_OBJC_MSGSEND = YES;
				GCC_C_LANGUAGE_STANDARD = gnu99;
				GCC_NO_COMMON_BLOCKS = YES;
				GCC_WARN_64_TO_32_BIT_CONVERSION = YES;
				GCC_WARN_ABOUT_RETURN_TYPE = YES_ERROR;
				GCC_WARN_UNDECLARED_SELECTOR = YES;
				GCC_WARN_UNINITIALIZED_AUTOS = YES_AGGRESSIVE;
				GCC_WARN_UNUSED_FUNCTION = YES;
				GCC_WARN_UNUSED_VARIABLE = YES;
				IPHONEOS_DEPLOYMENT_TARGET = 9.0;
				MTL_ENABLE_DEBUG_INFO = NO;
				SDKROOT = iphoneos;
				VALIDATE_PRODUCT = YES;
			};
			name = Release;
		};
		1B748CC61B5E217700C2DD3B /* Debug */ = {
			isa = XCBuildConfiguration;
			buildSettings = {
				ASSETCATALOG_COMPILER_APPICON_NAME = AppIcon;
				CODE_SIGN_IDENTITY = "iPhone Developer";
				INFOPLIST_FILE = NIEC/Info.plist;
				LD_RUNPATH_SEARCH_PATHS = "$(inherited) @executable_path/Frameworks";
				PRODUCT_BUNDLE_IDENTIFIER = in.ac.niec.NIEC;
				PRODUCT_NAME = "$(TARGET_NAME)";
				TARGETED_DEVICE_FAMILY = 1;
			};
			name = Debug;
		};
		1B748CC71B5E217700C2DD3B /* Release */ = {
			isa = XCBuildConfiguration;
			buildSettings = {
				ASSETCATALOG_COMPILER_APPICON_NAME = AppIcon;
				CODE_SIGN_IDENTITY = "iPhone Developer";
				INFOPLIST_FILE = NIEC/Info.plist;
				LD_RUNPATH_SEARCH_PATHS = "$(inherited) @executable_path/Frameworks";
				PRODUCT_BUNDLE_IDENTIFIER = in.ac.niec.NIEC;
				PRODUCT_NAME = "$(TARGET_NAME)";
				TARGETED_DEVICE_FAMILY = 1;
			};
			name = Release;
		};
		1B748CC91B5E217700C2DD3B /* Debug */ = {
			isa = XCBuildConfiguration;
			buildSettings = {
				BUNDLE_LOADER = "$(TEST_HOST)";
				INFOPLIST_FILE = NIECTests/Info.plist;
				LD_RUNPATH_SEARCH_PATHS = "$(inherited) @executable_path/Frameworks @loader_path/Frameworks";
				PRODUCT_BUNDLE_IDENTIFIER = in.ac.niec.NIECTests;
				PRODUCT_NAME = "$(TARGET_NAME)";
				TEST_HOST = "$(BUILT_PRODUCTS_DIR)/NIEC.app/NIEC";
			};
			name = Debug;
		};
		1B748CCA1B5E217700C2DD3B /* Release */ = {
			isa = XCBuildConfiguration;
			buildSettings = {
				BUNDLE_LOADER = "$(TEST_HOST)";
				INFOPLIST_FILE = NIECTests/Info.plist;
				LD_RUNPATH_SEARCH_PATHS = "$(inherited) @executable_path/Frameworks @loader_path/Frameworks";
				PRODUCT_BUNDLE_IDENTIFIER = in.ac.niec.NIECTests;
				PRODUCT_NAME = "$(TARGET_NAME)";
				TEST_HOST = "$(BUILT_PRODUCTS_DIR)/NIEC.app/NIEC";
			};
			name = Release;
		};
		1B748CCC1B5E217700C2DD3B /* Debug */ = {
			isa = XCBuildConfiguration;
			buildSettings = {
				INFOPLIST_FILE = NIECUITests/Info.plist;
				LD_RUNPATH_SEARCH_PATHS = "$(inherited) @executable_path/Frameworks @loader_path/Frameworks";
				PRODUCT_BUNDLE_IDENTIFIER = in.ac.niec.NIECUITests;
				PRODUCT_NAME = "$(TARGET_NAME)";
				TEST_TARGET_NAME = NIEC;
				USES_XCTRUNNER = YES;
			};
			name = Debug;
		};
		1B748CCD1B5E217700C2DD3B /* Release */ = {
			isa = XCBuildConfiguration;
			buildSettings = {
				INFOPLIST_FILE = NIECUITests/Info.plist;
				LD_RUNPATH_SEARCH_PATHS = "$(inherited) @executable_path/Frameworks @loader_path/Frameworks";
				PRODUCT_BUNDLE_IDENTIFIER = in.ac.niec.NIECUITests;
				PRODUCT_NAME = "$(TARGET_NAME)";
				TEST_TARGET_NAME = NIEC;
				USES_XCTRUNNER = YES;
			};
			name = Release;
		};
/* End XCBuildConfiguration section */

/* Begin XCConfigurationList section */
		1B748C961B5E217600C2DD3B /* Build configuration list for PBXProject "NIEC" */ = {
			isa = XCConfigurationList;
			buildConfigurations = (
				1B748CC31B5E217700C2DD3B /* Debug */,
				1B748CC41B5E217700C2DD3B /* Release */,
			);
			defaultConfigurationIsVisible = 0;
			defaultConfigurationName = Release;
		};
		1B748CC51B5E217700C2DD3B /* Build configuration list for PBXNativeTarget "NIEC" */ = {
			isa = XCConfigurationList;
			buildConfigurations = (
				1B748CC61B5E217700C2DD3B /* Debug */,
				1B748CC71B5E217700C2DD3B /* Release */,
			);
			defaultConfigurationIsVisible = 0;
			defaultConfigurationName = Release;
		};
		1B748CC81B5E217700C2DD3B /* Build configuration list for PBXNativeTarget "NIECTests" */ = {
			isa = XCConfigurationList;
			buildConfigurations = (
				1B748CC91B5E217700C2DD3B /* Debug */,
				1B748CCA1B5E217700C2DD3B /* Release */,
			);
			defaultConfigurationIsVisible = 0;
			defaultConfigurationName = Release;
		};
		1B748CCB1B5E217700C2DD3B /* Build configuration list for PBXNativeTarget "NIECUITests" */ = {
			isa = XCConfigurationList;
			buildConfigurations = (
				1B748CCC1B5E217700C2DD3B /* Debug */,
				1B748CCD1B5E217700C2DD3B /* Release */,
			);
			defaultConfigurationIsVisible = 0;
			defaultConfigurationName = Release;
		};
/* End XCConfigurationList section */
	};
	rootObject = 1B748C931B5E217600C2DD3B /* Project object */;
}
